// !$*UTF8*$!
{
	archiveVersion = 1;
	classes = {
	};
	objectVersion = 46;
	objects = {

/* Begin PBXBuildFile section */
		D4DF599C1B2BE38A009BFFD7 /* AppDelegate.swift in Sources */ = {isa = PBXBuildFile; fileRef = D4DF599B1B2BE38A009BFFD7 /* AppDelegate.swift */; };
		D4DF599E1B2BE38A009BFFD7 /* ViewController.swift in Sources */ = {isa = PBXBuildFile; fileRef = D4DF599D1B2BE38A009BFFD7 /* ViewController.swift */; };
		D4DF59A11B2BE38A009BFFD7 /* Main.storyboard in Resources */ = {isa = PBXBuildFile; fileRef = D4DF599F1B2BE38A009BFFD7 /* Main.storyboard */; };
		D4DF59A31B2BE38A009BFFD7 /* Images.xcassets in Resources */ = {isa = PBXBuildFile; fileRef = D4DF59A21B2BE38A009BFFD7 /* Images.xcassets */; };
		D4DF59A61B2BE38A009BFFD7 /* LaunchScreen.xib in Resources */ = {isa = PBXBuildFile; fileRef = D4DF59A41B2BE38A009BFFD7 /* LaunchScreen.xib */; };
		D4DF59B21B2BE38A009BFFD7 /* CalculatorTests.swift in Sources */ = {isa = PBXBuildFile; fileRef = D4DF59B11B2BE38A009BFFD7 /* CalculatorTests.swift */; };
		D4F058C11B3C745400CF880A /* CalculatorBrain.swift in Sources */ = {isa = PBXBuildFile; fileRef = D4F058C01B3C745400CF880A /* CalculatorBrain.swift */; };
/* End PBXBuildFile section */

/* Begin PBXContainerItemProxy section */
		D4DF59AC1B2BE38A009BFFD7 /* PBXContainerItemProxy */ = {
			isa = PBXContainerItemProxy;
			containerPortal = D4DF598E1B2BE38A009BFFD7 /* Project object */;
			proxyType = 1;
			remoteGlobalIDString = D4DF59951B2BE38A009BFFD7;
			remoteInfo = Calculator;
		};
/* End PBXContainerItemProxy section */

/* Begin PBXFileReference section */
		D4DF59961B2BE38A009BFFD7 /* Calculator.app */ = {isa = PBXFileReference; explicitFileType = wrapper.application; includeInIndex = 0; path = Calculator.app; sourceTree = BUILT_PRODUCTS_DIR; };
		D4DF599A1B2BE38A009BFFD7 /* Info.plist */ = {isa = PBXFileReference; lastKnownFileType = text.plist.xml; path = Info.plist; sourceTree = "<group>"; };
		D4DF599B1B2BE38A009BFFD7 /* AppDelegate.swift */ = {isa = PBXFileReference; lastKnownFileType = sourcecode.swift; path = AppDelegate.swift; sourceTree = "<group>"; };
		D4DF599D1B2BE38A009BFFD7 /* ViewController.swift */ = {isa = PBXFileReference; lastKnownFileType = sourcecode.swift; path = ViewController.swift; sourceTree = "<group>"; };
		D4DF59A01B2BE38A009BFFD7 /* Base */ = {isa = PBXFileReference; lastKnownFileType = file.storyboard; name = Base; path = Base.lproj/Main.storyboard; sourceTree = "<group>"; };
		D4DF59A21B2BE38A009BFFD7 /* Images.xcassets */ = {isa = PBXFileReference; lastKnownFileType = folder.assetcatalog; path = Images.xcassets; sourceTree = "<group>"; };
		D4DF59A51B2BE38A009BFFD7 /* Base */ = {isa = PBXFileReference; lastKnownFileType = file.xib; name = Base; path = Base.lproj/LaunchScreen.xib; sourceTree = "<group>"; };
		D4DF59AB1B2BE38A009BFFD7 /* CalculatorTests.xctest */ = {isa = PBXFileReference; explicitFileType = wrapper.cfbundle; includeInIndex = 0; path = CalculatorTests.xctest; sourceTree = BUILT_PRODUCTS_DIR; };
		D4DF59B01B2BE38A009BFFD7 /* Info.plist */ = {isa = PBXFileReference; lastKnownFileType = text.plist.xml; path = Info.plist; sourceTree = "<group>"; };
		D4DF59B11B2BE38A009BFFD7 /* CalculatorTests.swift */ = {isa = PBXFileReference; lastKnownFileType = sourcecode.swift; path = CalculatorTests.swift; sourceTree = "<group>"; };
		D4F058C01B3C745400CF880A /* CalculatorBrain.swift */ = {isa = PBXFileReference; fileEncoding = 4; lastKnownFileType = sourcecode.swift; path = CalculatorBrain.swift; sourceTree = "<group>"; };
/* End PBXFileReference section */

/* Begin PBXFrameworksBuildPhase section */
		D4DF59931B2BE38A009BFFD7 /* Frameworks */ = {
			isa = PBXFrameworksBuildPhase;
			buildActionMask = 2147483647;
			files = (
			);
			runOnlyForDeploymentPostprocessing = 0;
		};
		D4DF59A81B2BE38A009BFFD7 /* Frameworks */ = {
			isa = PBXFrameworksBuildPhase;
			buildActionMask = 2147483647;
			files = (
			);
			runOnlyForDeploymentPostprocessing = 0;
		};
/* End PBXFrameworksBuildPhase section */

/* Begin PBXGroup section */
		D4DF598D1B2BE38A009BFFD7 = {
			isa = PBXGroup;
			children = (
				D4DF59981B2BE38A009BFFD7 /* Calculator */,
				D4DF59AE1B2BE38A009BFFD7 /* CalculatorTests */,
				D4DF59971B2BE38A009BFFD7 /* Products */,
			);
			sourceTree = "<group>";
		};
		D4DF59971B2BE38A009BFFD7 /* Products */ = {
			isa = PBXGroup;
			children = (
				D4DF59961B2BE38A009BFFD7 /* Calculator.app */,
				D4DF59AB1B2BE38A009BFFD7 /* CalculatorTests.xctest */,
			);
			name = Products;
			sourceTree = "<group>";
		};
		D4DF59981B2BE38A009BFFD7 /* Calculator */ = {
			isa = PBXGroup;
			children = (
				D4DF599D1B2BE38A009BFFD7 /* ViewController.swift */,
				D4DF599F1B2BE38A009BFFD7 /* Main.storyboard */,
				D4F058C01B3C745400CF880A /* CalculatorBrain.swift */,
				D4DF59991B2BE38A009BFFD7 /* Supporting Files */,
			);
			path = Calculator;
			sourceTree = "<group>";
		};
		D4DF59991B2BE38A009BFFD7 /* Supporting Files */ = {
			isa = PBXGroup;
			children = (
				D4DF59A41B2BE38A009BFFD7 /* LaunchScreen.xib */,
				D4DF59A21B2BE38A009BFFD7 /* Images.xcassets */,
				D4DF599B1B2BE38A009BFFD7 /* AppDelegate.swift */,
				D4DF599A1B2BE38A009BFFD7 /* Info.plist */,
			);
			name = "Supporting Files";
			sourceTree = "<group>";
		};
		D4DF59AE1B2BE38A009BFFD7 /* CalculatorTests */ = {
			isa = PBXGroup;
			children = (
				D4DF59B11B2BE38A009BFFD7 /* CalculatorTests.swift */,
				D4DF59AF1B2BE38A009BFFD7 /* Supporting Files */,
			);
			path = CalculatorTests;
			sourceTree = "<group>";
		};
		D4DF59AF1B2BE38A009BFFD7 /* Supporting Files */ = {
			isa = PBXGroup;
			children = (
				D4DF59B01B2BE38A009BFFD7 /* Info.plist */,
			);
			name = "Supporting Files";
			sourceTree = "<group>";
		};
/* End PBXGroup section */

/* Begin PBXNativeTarget section */
		D4DF59951B2BE38A009BFFD7 /* Calculator */ = {
			isa = PBXNativeTarget;
			buildConfigurationList = D4DF59B51B2BE38A009BFFD7 /* Build configuration list for PBXNativeTarget "Calculator" */;
			buildPhases = (
				D4DF59921B2BE38A009BFFD7 /* Sources */,
				D4DF59931B2BE38A009BFFD7 /* Frameworks */,
				D4DF59941B2BE38A009BFFD7 /* Resources */,
			);
			buildRules = (
			);
			dependencies = (
			);
			name = Calculator;
			productName = Calculator;
			productReference = D4DF59961B2BE38A009BFFD7 /* Calculator.app */;
			productType = "com.apple.product-type.application";
		};
		D4DF59AA1B2BE38A009BFFD7 /* CalculatorTests */ = {
			isa = PBXNativeTarget;
			buildConfigurationList = D4DF59B81B2BE38A009BFFD7 /* Build configuration list for PBXNativeTarget "CalculatorTests" */;
			buildPhases = (
				D4DF59A71B2BE38A009BFFD7 /* Sources */,
				D4DF59A81B2BE38A009BFFD7 /* Frameworks */,
				D4DF59A91B2BE38A009BFFD7 /* Resources */,
			);
			buildRules = (
			);
			dependencies = (
				D4DF59AD1B2BE38A009BFFD7 /* PBXTargetDependency */,
			);
			name = CalculatorTests;
			productName = CalculatorTests;
			productReference = D4DF59AB1B2BE38A009BFFD7 /* CalculatorTests.xctest */;
			productType = "com.apple.product-type.bundle.unit-test";
		};
/* End PBXNativeTarget section */

/* Begin PBXProject section */
		D4DF598E1B2BE38A009BFFD7 /* Project object */ = {
			isa = PBXProject;
			attributes = {
				LastUpgradeCheck = 0630;
				ORGANIZATIONNAME = Blackbird;
				TargetAttributes = {
					D4DF59951B2BE38A009BFFD7 = {
						CreatedOnToolsVersion = 6.3.2;
					};
					D4DF59AA1B2BE38A009BFFD7 = {
						CreatedOnToolsVersion = 6.3.2;
						TestTargetID = D4DF59951B2BE38A009BFFD7;
					};
				};
			};
			buildConfigurationList = D4DF59911B2BE38A009BFFD7 /* Build configuration list for PBXProject "Calculator" */;
			compatibilityVersion = "Xcode 3.2";
			developmentRegion = English;
			hasScannedForEncodings = 0;
			knownRegions = (
				en,
				Base,
			);
			mainGroup = D4DF598D1B2BE38A009BFFD7;
			productRefGroup = D4DF59971B2BE38A009BFFD7 /* Products */;
			projectDirPath = "";
			projectRoot = "";
			targets = (
				D4DF59951B2BE38A009BFFD7 /* Calculator */,
				D4DF59AA1B2BE38A009BFFD7 /* CalculatorTests */,
			);
		};
/* End PBXProject section */

/* Begin PBXResourcesBuildPhase section */
		D4DF59941B2BE38A009BFFD7 /* Resources */ = {
			isa = PBXResourcesBuildPhase;
			buildActionMask = 2147483647;
			files = (
				D4DF59A11B2BE38A009BFFD7 /* Main.storyboard in Resources */,
				D4DF59A61B2BE38A009BFFD7 /* LaunchScreen.xib in Resources */,
				D4DF59A31B2BE38A009BFFD7 /* Images.xcassets in Resources */,
			);
			runOnlyForDeploymentPostprocessing = 0;
		};
		D4DF59A91B2BE38A009BFFD7 /* Resources */ = {
			isa = PBXResourcesBuildPhase;
			buildActionMask = 2147483647;
			files = (
			);
			runOnlyForDeploymentPostprocessing = 0;
		};
/* End PBXResourcesBuildPhase section */

/* Begin PBXSourcesBuildPhase section */
		D4DF59921B2BE38A009BFFD7 /* Sources */ = {
			isa = PBXSourcesBuildPhase;
			buildActionMask = 2147483647;
			files = (
				D4F058C11B3C745400CF880A /* CalculatorBrain.swift in Sources */,
				D4DF599E1B2BE38A009BFFD7 /* ViewController.swift in Sources */,
				D4DF599C1B2BE38A009BFFD7 /* AppDelegate.swift in Sources */,
			);
			runOnlyForDeploymentPostprocessing = 0;
		};
		D4DF59A71B2BE38A009BFFD7 /* Sources */ = {
			isa = PBXSourcesBuildPhase;
			buildActionMask = 2147483647;
			files = (
				D4DF59B21B2BE38A009BFFD7 /* CalculatorTests.swift in Sources */,
			);
			runOnlyForDeploymentPostprocessing = 0;
		};
/* End PBXSourcesBuildPhase section */

/* Begin PBXTargetDependency section */
		D4DF59AD1B2BE38A009BFFD7 /* PBXTargetDependency */ = {
			isa = PBXTargetDependency;
			target = D4DF59951B2BE38A009BFFD7 /* Calculator */;
			targetProxy = D4DF59AC1B2BE38A009BFFD7 /* PBXContainerItemProxy */;
		};
/* End PBXTargetDependency section */

/* Begin PBXVariantGroup section */
		D4DF599F1B2BE38A009BFFD7 /* Main.storyboard */ = {
			isa = PBXVariantGroup;
			children = (
				D4DF59A01B2BE38A009BFFD7 /* Base */,
			);
			name = Main.storyboard;
			sourceTree = "<group>";
		};
		D4DF59A41B2BE38A009BFFD7 /* LaunchScreen.xib */ = {
			isa = PBXVariantGroup;
			children = (
				D4DF59A51B2BE38A009BFFD7 /* Base */,
			);
			name = LaunchScreen.xib;
			sourceTree = "<group>";
		};
/* End PBXVariantGroup section */

/* Begin XCBuildConfiguration section */
		D4DF59B31B2BE38A009BFFD7 /* Debug */ = {
			isa = XCBuildConfiguration;
			buildSettings = {
				ALWAYS_SEARCH_USER_PATHS = NO;
				CLANG_CXX_LANGUAGE_STANDARD = "gnu++0x";
				CLANG_CXX_LIBRARY = "libc++";
				CLANG_ENABLE_MODULES = YES;
				CLANG_ENABLE_OBJC_ARC = YES;
				CLANG_WARN_BOOL_CONVERSION = YES;
				CLANG_WARN_CONSTANT_CONVERSION = YES;
				CLANG_WARN_DIRECT_OBJC_ISA_USAGE = YES_ERROR;
				CLANG_WARN_EMPTY_BODY = YES;
				CLANG_WARN_ENUM_CONVERSION = YES;
				CLANG_WARN_INT_CONVERSION = YES;
				CLANG_WARN_OBJC_ROOT_CLASS = YES_ERROR;
				CLANG_WARN_UNREACHABLE_CODE = YES;
				CLANG_WARN__DUPLICATE_METHOD_MATCH = YES;
				"CODE_SIGN_IDENTITY[sdk=iphoneos*]" = "iPhone Developer";
				COPY_PHASE_STRIP = NO;
				DEBUG_INFORMATION_FORMAT = "dwarf-with-dsym";
				ENABLE_STRICT_OBJC_MSGSEND = YES;
				GCC_C_LANGUAGE_STANDARD = gnu99;
				GCC_DYNAMIC_NO_PIC = NO;
				GCC_NO_COMMON_BLOCKS = YES;
				GCC_OPTIMIZATION_LEVEL = 0;
				GCC_PREPROCESSOR_DEFINITIONS = (
					"DEBUG=1",
					"$(inherited)",
				);
				GCC_SYMBOLS_PRIVATE_EXTERN = NO;
				GCC_WARN_64_TO_32_BIT_CONVERSION = YES;
				GCC_WARN_ABOUT_RETURN_TYPE = YES_ERROR;
				GCC_WARN_UNDECLARED_SELECTOR = YES;
				GCC_WARN_UNINITIALIZED_AUTOS = YES_AGGRESSIVE;
				GCC_WARN_UNUSED_FUNCTION = YES;
				GCC_WARN_UNUSED_VARIABLE = YES;
				IPHONEOS_DEPLOYMENT_TARGET = 8.3;
				MTL_ENABLE_DEBUG_INFO = YES;
				ONLY_ACTIVE_ARCH = YES;
				SDKROOT = iphoneos;
				SWIFT_OPTIMIZATION_LEVEL = "-Onone";
				TARGETED_DEVICE_FAMILY = "1,2";
			};
			name = Debug;
		};
		D4DF59B41B2BE38A009BFFD7 /* Release */ = {
			isa = XCBuildConfiguration;
			buildSettings = {
				ALWAYS_SEARCH_USER_PATHS = NO;
				CLANG_CXX_LANGUAGE_STANDARD = "gnu++0x";
				CLANG_CXX_LIBRARY = "libc++";
				CLANG_ENABLE_MODULES = YES;
				CLANG_ENABLE_OBJC_ARC = YES;
				CLANG_WARN_BOOL_CONVERSION = YES;
				CLANG_WARN_CONSTANT_CONVERSION = YES;
				CLANG_WARN_DIRECT_OBJC_ISA_USAGE = YES_ERROR;
				CLANG_WARN_EMPTY_BODY = YES;
				CLANG_WARN_ENUM_CONVERSION = YES;
				CLANG_WARN_INT_CONVERSION = YES;
				CLANG_WARN_OBJC_ROOT_CLASS = YES_ERROR;
				CLANG_WARN_UNREACHABLE_CODE = YES;
				CLANG_WARN__DUPLICATE_METHOD_MATCH = YES;
				"CODE_SIGN_IDENTITY[sdk=iphoneos*]" = "iPhone Developer";
				COPY_PHASE_STRIP = NO;
				DEBUG_INFORMATION_FORMAT = "dwarf-with-dsym";
				ENABLE_NS_ASSERTIONS = NO;
				ENABLE_STRICT_OBJC_MSGSEND = YES;
				GCC_C_LANGUAGE_STANDARD = gnu99;
				GCC_NO_COMMON_BLOCKS = YES;
				GCC_WARN_64_TO_32_BIT_CONVERSION = YES;
				GCC_WARN_ABOUT_RETURN_TYPE = YES_ERROR;
				GCC_WARN_UNDECLARED_SELECTOR = YES;
				GCC_WARN_UNINITIALIZED_AUTOS = YES_AGGRESSIVE;
				GCC_WARN_UNUSED_FUNCTION = YES;
				GCC_WARN_UNUSED_VARIABLE = YES;
				IPHONEOS_DEPLOYMENT_TARGET = 8.3;
				MTL_ENABLE_DEBUG_INFO = NO;
				SDKROOT = iphoneos;
				TARGETED_DEVICE_FAMILY = "1,2";
				VALIDATE_PRODUCT = YES;
			};
			name = Release;
		};
		D4DF59B61B2BE38A009BFFD7 /* Debug */ = {
			isa = XCBuildConfiguration;
			buildSettings = {
				ASSETCATALOG_COMPILER_APPICON_NAME = AppIcon;
				INFOPLIST_FILE = Calculator/Info.plist;
				LD_RUNPATH_SEARCH_PATHS = "$(inherited) @executable_path/Frameworks";
				PRODUCT_NAME = "$(TARGET_NAME)";
			};
			name = Debug;
		};
		D4DF59B71B2BE38A009BFFD7 /* Release */ = {
			isa = XCBuildConfiguration;
			buildSettings = {
				ASSETCATALOG_COMPILER_APPICON_NAME = AppIcon;
				INFOPLIST_FILE = Calculator/Info.plist;
				LD_RUNPATH_SEARCH_PATHS = "$(inherited) @executable_path/Frameworks";
				PRODUCT_NAME = "$(TARGET_NAME)";
			};
			name = Release;
		};
		D4DF59B91B2BE38A009BFFD7 /* Debug */ = {
			isa = XCBuildConfiguration;
			buildSettings = {
				BUNDLE_LOADER = "$(TEST_HOST)";
				FRAMEWORK_SEARCH_PATHS = (
					"$(SDKROOT)/Developer/Library/Frameworks",
					"$(inherited)",
				);
				GCC_PREPROCESSOR_DEFINITIONS = (
					"DEBUG=1",
					"$(inherited)",
				);
				INFOPLIST_FILE = CalculatorTests/Info.plist;
				LD_RUNPATH_SEARCH_PATHS = "$(inherited) @executable_path/Frameworks @loader_path/Frameworks";
				PRODUCT_NAME = "$(TARGET_NAME)";
				TEST_HOST = "$(BUILT_PRODUCTS_DIR)/Calculator.app/Calculator";
			};
			name = Debug;
		};
		D4DF59BA1B2BE38A009BFFD7 /* Release */ = {
			isa = XCBuildConfiguration;
			buildSettings = {
				BUNDLE_LOADER = "$(TEST_HOST)";
				FRAMEWORK_SEARCH_PATHS = (
					"$(SDKROOT)/Developer/Library/Frameworks",
					"$(inherited)",
				);
				INFOPLIST_FILE = CalculatorTests/Info.plist;
				LD_RUNPATH_SEARCH_PATHS = "$(inherited) @executable_path/Frameworks @loader_path/Frameworks";
				PRODUCT_NAME = "$(TARGET_NAME)";
				TEST_HOST = "$(BUILT_PRODUCTS_DIR)/Calculator.app/Calculator";
			};
			name = Release;
		};
/* End XCBuildConfiguration section */

/* Begin XCConfigurationList section */
		D4DF59911B2BE38A009BFFD7 /* Build configuration list for PBXProject "Calculator" */ = {
			isa = XCConfigurationList;
			buildConfigurations = (
				D4DF59B31B2BE38A009BFFD7 /* Debug */,
				D4DF59B41B2BE38A009BFFD7 /* Release */,
			);
			defaultConfigurationIsVisible = 0;
			defaultConfigurationName = Release;
		};
		D4DF59B51B2BE38A009BFFD7 /* Build configuration list for PBXNativeTarget "Calculator" */ = {
			isa = XCConfigurationList;
			buildConfigurations = (
				D4DF59B61B2BE38A009BFFD7 /* Debug */,
				D4DF59B71B2BE38A009BFFD7 /* Release */,
			);
			defaultConfigurationIsVisible = 0;
			defaultConfigurationName = Release;
		};
		D4DF59B81B2BE38A009BFFD7 /* Build configuration list for PBXNativeTarget "CalculatorTests" */ = {
			isa = XCConfigurationList;
			buildConfigurations = (
				D4DF59B91B2BE38A009BFFD7 /* Debug */,
				D4DF59BA1B2BE38A009BFFD7 /* Release */,
			);
			defaultConfigurationIsVisible = 0;
			defaultConfigurationName = Release;
		};
/* End XCConfigurationList section */
	};
	rootObject = D4DF598E1B2BE38A009BFFD7 /* Project object */;
}
